{
  "object": {
    "pins": [
      {
        "package": "Socket",
        "repositoryURL": "https://github.com/IBM-Swift/BlueSocket",
        "state": {
          "branch": null,
          "revision": "c46a3d41f5b2401d18bcb46d0101cdc5cd13e307",
          "version": "1.0.52"
        }
      },
      {
        "package": "Mustache",
        "repositoryURL": "https://github.com/groue/GRMustache.swift",
        "state": {
          "branch": null,
          "revision": "671e2c5234e829c1f337c9d300bd6d9b21d1c42a",
          "version": "4.0.1"
        }
      },
      {
        "package": "Shout",
        "repositoryURL": "https://github.com/jakeheis/Shout",
        "state": {
          "branch": null,
          "revision": "65bf1d1d42e2fb0c47e4d78c0653ebb6d5de5cb5",
          "version": "0.5.6"
        }
      },
      {
        "package": "swift-argument-parser",
        "repositoryURL": "https://github.com/apple/swift-argument-parser",
        "state": {
          "branch": null,
          "revision": "3d79b2b5a2e5af52c14e462044702ea7728f5770",
          "version": "0.1.0"
        }
      },
      {
        "package": "swift-log",
        "repositoryURL": "https://github.com/apple/swift-log.git",
        "state": {
          "branch": null,
          "revision": "74d7b91ceebc85daf387ebb206003f78813f71aa",
          "version": "1.2.0"
        }
      },
      {
        "package": "SwiftSerial",
        "repositoryURL": "https://github.com/yeokm1/SwiftSerial.git",
        "state": {
          "branch": null,
          "revision": "0e824cc38c6802e69543d0c1406d34babfd68e2e",
          "version": "0.1.2"
        }
      }
    ]
  },
  "version": 1
}
